github.com/goccmack/gocc v0.0.0-20230228185258-2292f9e40198 h1:FSii2UQeSLngl3jFoR4tUKZLprO7qUlh/TKKticc0BM=
github.com/goccmack/gocc v0.0.0-20230228185258-2292f9e40198/go.mod h1:DTh/Y2+NbnOVVoypCCQrovMPDKUGp4yZpSbWg5D0XIM=
golang.org/x/mod v0.8.0 h1:LUYupSeNrTNCGzR/hVBk2NHZO4hXcVaW1k4Qx7rjPx8=
golang.org/x/mod v0.8.0/go.mod h1:iBbtSCu2XBx23ZKBPSOrRkjjQPZFPuis4dIYUhu/chs=
